
Microsoft Visual Studio Solution File, Format Version 10.00
# Visual Studio 2008
Project("{FAE04EC0-301F-11D3-BF4B-00C04F79EFBC}") = "AspNetApplication", "AspNetApplication\AspNetApplication.csproj", "{337E8658-7486-419F-B6FC-BB1B85800E74}"
EndProject
Project("{FAE04EC0-301F-11D3-BF4B-00C04F79EFBC}") = "SilverlightApplication", "SilverlightApplication\SilverlightApplication.csproj", "{E1A474A1-9984-44C8-A7DF-4760B33B3D68}"
EndProject
Project("{FAE04EC0-301F-11D3-BF4B-00C04F79EFBC}") = "Codeplex.Dashboarding", "Codeplex.Dashboarding\Codeplex.Dashboarding.csproj", "{4AC50D91-3409-41EC-B09B-4B15F82F731A}"
EndProject
Project("{FAE04EC0-301F-11D3-BF4B-00C04F79EFBC}") = "Casewise.Dashboarding.Tests", "Casewise.Dashboarding.Tests\Casewise.Dashboarding.Tests.csproj", "{992FBC01-8F3F-45D2-9107-9077D26BD608}"
EndProject
Global
	GlobalSection(TeamFoundationVersionControl) = preSolution
		SccNumberOfProjects = 4
		SccEnterpriseProvider = {4CA58AB2-18FA-4F8D-95D4-32DDF27D184C}
		SccTeamFoundationServer = https://tfs05.codeplex.com/
		SccLocalPath0 = .
		SccProjectUniqueName1 = AspNetApplication\\AspNetApplication.csproj
		SccProjectName1 = AspNetApplication
		SccLocalPath1 = AspNetApplication
		SccProjectUniqueName2 = SilverlightApplication\\SilverlightApplication.csproj
		SccProjectName2 = SilverlightApplication
		SccLocalPath2 = SilverlightApplication
		SccProjectUniqueName3 = Codeplex.Dashboarding\\Codeplex.Dashboarding.csproj
		SccProjectName3 = Codeplex.Dashboarding
		SccLocalPath3 = Codeplex.Dashboarding
	EndGlobalSection
	GlobalSection(SolutionConfigurationPlatforms) = preSolution
		Debug|Any CPU = Debug|Any CPU
		Release|Any CPU = Release|Any CPU
	EndGlobalSection
	GlobalSection(ProjectConfigurationPlatforms) = postSolution
		{337E8658-7486-419F-B6FC-BB1B85800E74}.Debug|Any CPU.ActiveCfg = Debug|Any CPU
		{337E8658-7486-419F-B6FC-BB1B85800E74}.Debug|Any CPU.Build.0 = Debug|Any CPU
		{337E8658-7486-419F-B6FC-BB1B85800E74}.Release|Any CPU.ActiveCfg = Release|Any CPU
		{337E8658-7486-419F-B6FC-BB1B85800E74}.Release|Any CPU.Build.0 = Release|Any CPU
		{E1A474A1-9984-44C8-A7DF-4760B33B3D68}.Debug|Any CPU.ActiveCfg = Debug|Any CPU
		{E1A474A1-9984-44C8-A7DF-4760B33B3D68}.Debug|Any CPU.Build.0 = Debug|Any CPU
		{E1A474A1-9984-44C8-A7DF-4760B33B3D68}.Release|Any CPU.ActiveCfg = Release|Any CPU
		{E1A474A1-9984-44C8-A7DF-4760B33B3D68}.Release|Any CPU.Build.0 = Release|Any CPU
		{4AC50D91-3409-41EC-B09B-4B15F82F731A}.Debug|Any CPU.ActiveCfg = Debug|Any CPU
		{4AC50D91-3409-41EC-B09B-4B15F82F731A}.Debug|Any CPU.Build.0 = Debug|Any CPU
		{4AC50D91-3409-41EC-B09B-4B15F82F731A}.Release|Any CPU.ActiveCfg = Release|Any CPU
		{4AC50D91-3409-41EC-B09B-4B15F82F731A}.Release|Any CPU.Build.0 = Release|Any CPU
		{992FBC01-8F3F-45D2-9107-9077D26BD608}.Debug|Any CPU.ActiveCfg = Debug|Any CPU
		{992FBC01-8F3F-45D2-9107-9077D26BD608}.Debug|Any CPU.Build.0 = Debug|Any CPU
		{992FBC01-8F3F-45D2-9107-9077D26BD608}.Release|Any CPU.ActiveCfg = Release|Any CPU
		{992FBC01-8F3F-45D2-9107-9077D26BD608}.Release|Any CPU.Build.0 = Release|Any CPU
	EndGlobalSection
	GlobalSection(SolutionProperties) = preSolution
		HideSolutionNode = FALSE
	EndGlobalSection
EndGlobal
